{
  "name": "adamoutler-joplin-server-vector-memory",
  "version": "1.0.0",
  "lockfileVersion": 3,
  "requires": true,
  "packages": {
    "": {
      "name": "adamoutler-joplin-server-vector-memory",
      "version": "1.0.0",
      "license": "ISC",
      "funding": {
        "url": "https://github.com/sponsors/adamoutler"
      }
    }
  }
}
